
Microsoft Visual Studio Solution File, Format Version 9.00
# Visual Studio 2005
Project("{8BC9CEB8-8B4A-11D0-8D11-00A0C91BC942}") = "Querier", "Querier\Querier.vcproj", "{74E0D4FB-CBB7-4F24-95CE-9619446C8338}"
EndProject
Project("{8BC9CEB8-8B4A-11D0-8D11-00A0C91BC942}") = "SQLite", "SQLite\SQLite.vcproj", "{66BB7D73-9979-42CC-B81A-F3743352599B}"
EndProject
Global
	GlobalSection(SolutionConfigurationPlatforms) = preSolution
		Debug|Win32 = Debug|Win32
		Release|Win32 = Release|Win32
	EndGlobalSection
	GlobalSection(ProjectConfigurationPlatforms) = postSolution
		{74E0D4FB-CBB7-4F24-95CE-9619446C8338}.Debug|Win32.ActiveCfg = Debug|Win32
		{74E0D4FB-CBB7-4F24-95CE-9619446C8338}.Debug|Win32.Build.0 = Debug|Win32
		{74E0D4FB-CBB7-4F24-95CE-9619446C8338}.Release|Win32.ActiveCfg = Release|Win32
		{74E0D4FB-CBB7-4F24-95CE-9619446C8338}.Release|Win32.Build.0 = Release|Win32
		{66BB7D73-9979-42CC-B81A-F3743352599B}.Debug|Win32.ActiveCfg = Debug|Win32
		{66BB7D73-9979-42CC-B81A-F3743352599B}.Debug|Win32.Build.0 = Debug|Win32
		{66BB7D73-9979-42CC-B81A-F3743352599B}.Release|Win32.ActiveCfg = Release|Win32
		{66BB7D73-9979-42CC-B81A-F3743352599B}.Release|Win32.Build.0 = Release|Win32
	EndGlobalSection
	GlobalSection(SolutionProperties) = preSolution
		HideSolutionNode = FALSE
	EndGlobalSection
EndGlobal
